
Microsoft Visual Studio Solution File, Format Version 12.00
# Visual Studio Version 17
VisualStudioVersion = 17.12.35521.163 d17.12
MinimumVisualStudioVersion = 10.0.40219.1
Project("{FAE04EC0-301F-11D3-BF4B-00C04F79EFBC}") = "uprspro18", "uprspro18\uprspro18.csproj", "{58229491-0EB3-4392-B9AE-CCCE0DED4C20}"
EndProject
Project("{FAE04EC0-301F-11D3-BF4B-00C04F79EFBC}") = "uprspro18Tests", "uprspro18Tests\uprspro18Tests.csproj", "{945322B3-251C-47DF-BE19-D56565483B46}"
EndProject
Global
	GlobalSection(SolutionConfigurationPlatforms) = preSolution
		Debug|Any CPU = Debug|Any CPU
		Release|Any CPU = Release|Any CPU
	EndGlobalSection
	GlobalSection(ProjectConfigurationPlatforms) = postSolution
		{58229491-0EB3-4392-B9AE-CCCE0DED4C20}.Debug|Any CPU.ActiveCfg = Debug|Any CPU
		{58229491-0EB3-4392-B9AE-CCCE0DED4C20}.Debug|Any CPU.Build.0 = Debug|Any CPU
		{58229491-0EB3-4392-B9AE-CCCE0DED4C20}.Release|Any CPU.ActiveCfg = Release|Any CPU
		{58229491-0EB3-4392-B9AE-CCCE0DED4C20}.Release|Any CPU.Build.0 = Release|Any CPU
		{945322B3-251C-47DF-BE19-D56565483B46}.Debug|Any CPU.ActiveCfg = Debug|Any CPU
		{945322B3-251C-47DF-BE19-D56565483B46}.Debug|Any CPU.Build.0 = Debug|Any CPU
		{945322B3-251C-47DF-BE19-D56565483B46}.Release|Any CPU.ActiveCfg = Release|Any CPU
		{945322B3-251C-47DF-BE19-D56565483B46}.Release|Any CPU.Build.0 = Release|Any CPU
	EndGlobalSection
	GlobalSection(SolutionProperties) = preSolution
		HideSolutionNode = FALSE
	EndGlobalSection
EndGlobal
